{
  "pins" : [
    {
      "identity" : "simplecoders",
      "kind" : "remoteSourceControl",
      "location" : "https://github.com/dankinsoid/SimpleCoders.git",
      "state" : {
        "revision" : "5039cf84204e134fa558ea20a1e440db8618e977",
        "version" : "1.5.0"
      }
    }
  ],
  "version" : 2
}
