{
  "pins" : [
    {
      "identity" : "simplecoders",
      "kind" : "remoteSourceControl",
      "location" : "https://github.com/dankinsoid/SimpleCoders.git",
      "state" : {
        "revision" : "1527a7ab9a00a7a8a5a031c3102efc9cfccb49d4",
        "version" : "1.4.0"
      }
    }
  ],
  "version" : 2
}
